
Microsoft Visual Studio Solution File, Format Version 12.00
# Visual Studio Version 17
VisualStudioVersion = 17.5.33530.505
MinimumVisualStudioVersion = 10.0.40219.1
Project("{9A19103F-16F7-4668-BE54-9A1E7A4F7556}") = "Laborator1", "Laborator1.csproj", "{75A48296-38B7-4561-9F58-0181F402B7D9}"
EndProject
Global
	GlobalSection(SolutionConfigurationPlatforms) = preSolution
		Debug|Any CPU = Debug|Any CPU
		Release|Any CPU = Release|Any CPU
	EndGlobalSection
	GlobalSection(ProjectConfigurationPlatforms) = postSolution
		{75A48296-38B7-4561-9F58-0181F402B7D9}.Debug|Any CPU.ActiveCfg = Debug|Any CPU
		{75A48296-38B7-4561-9F58-0181F402B7D9}.Debug|Any CPU.Build.0 = Debug|Any CPU
		{75A48296-38B7-4561-9F58-0181F402B7D9}.Release|Any CPU.ActiveCfg = Release|Any CPU
		{75A48296-38B7-4561-9F58-0181F402B7D9}.Release|Any CPU.Build.0 = Release|Any CPU
	EndGlobalSection
	GlobalSection(SolutionProperties) = preSolution
		HideSolutionNode = FALSE
	EndGlobalSection
	GlobalSection(ExtensibilityGlobals) = postSolution
		SolutionGuid = {83E62A87-F3D3-494E-8F98-EC5C4CE5026D}
	EndGlobalSection
EndGlobal
